
Microsoft Visual Studio Solution File, Format Version 12.00
# Visual Studio Version 17
VisualStudioVersion = 17.2.32616.157
MinimumVisualStudioVersion = 10.0.40219.1
Project("{FAE04EC0-301F-11D3-BF4B-00C04F79EFBC}") = "WindowsFormsApp1", "WindowsFormsApp1.csproj", "{37AE57C1-A179-49A1-86C0-C6A8C30E4E9C}"
EndProject
Global
	GlobalSection(SolutionConfigurationPlatforms) = preSolution
		Debug|Any CPU = Debug|Any CPU
		Release|Any CPU = Release|Any CPU
	EndGlobalSection
	GlobalSection(ProjectConfigurationPlatforms) = postSolution
		{37AE57C1-A179-49A1-86C0-C6A8C30E4E9C}.Debug|Any CPU.ActiveCfg = Debug|Any CPU
		{37AE57C1-A179-49A1-86C0-C6A8C30E4E9C}.Debug|Any CPU.Build.0 = Debug|Any CPU
		{37AE57C1-A179-49A1-86C0-C6A8C30E4E9C}.Release|Any CPU.ActiveCfg = Release|Any CPU
		{37AE57C1-A179-49A1-86C0-C6A8C30E4E9C}.Release|Any CPU.Build.0 = Release|Any CPU
	EndGlobalSection
	GlobalSection(SolutionProperties) = preSolution
		HideSolutionNode = FALSE
	EndGlobalSection
	GlobalSection(ExtensibilityGlobals) = postSolution
		SolutionGuid = {EC438F7A-12A0-4D19-A5F9-8027E12B0014}
	EndGlobalSection
EndGlobal
